
Microsoft Visual Studio Solution File, Format Version 12.00
# Visual Studio Version 17
VisualStudioVersion = 17.5.33502.453
MinimumVisualStudioVersion = 10.0.40219.1
Project("{9A19103F-16F7-4668-BE54-9A1E7A4F7556}") = "XKartsProtocols", "XKartsProtocols.csproj", "{2272C551-D5C8-4371-9B34-A167A3D3CFFD}"
EndProject
Global
	GlobalSection(SolutionConfigurationPlatforms) = preSolution
		Debug|Any CPU = Debug|Any CPU
		Release|Any CPU = Release|Any CPU
	EndGlobalSection
	GlobalSection(ProjectConfigurationPlatforms) = postSolution
		{2272C551-D5C8-4371-9B34-A167A3D3CFFD}.Debug|Any CPU.ActiveCfg = Debug|Any CPU
		{2272C551-D5C8-4371-9B34-A167A3D3CFFD}.Debug|Any CPU.Build.0 = Debug|Any CPU
		{2272C551-D5C8-4371-9B34-A167A3D3CFFD}.Release|Any CPU.ActiveCfg = Release|Any CPU
		{2272C551-D5C8-4371-9B34-A167A3D3CFFD}.Release|Any CPU.Build.0 = Release|Any CPU
	EndGlobalSection
	GlobalSection(SolutionProperties) = preSolution
		HideSolutionNode = FALSE
	EndGlobalSection
	GlobalSection(ExtensibilityGlobals) = postSolution
		SolutionGuid = {47D6387B-D415-4ED4-B620-8DFB610B7608}
	EndGlobalSection
EndGlobal
