
Microsoft Visual Studio Solution File, Format Version 12.00
# Visual Studio Version 17
VisualStudioVersion = 17.6.33712.159
MinimumVisualStudioVersion = 10.0.40219.1
Project("{FAE04EC0-301F-11D3-BF4B-00C04F79EFBC}") = "SplitlaneController", "SplitlaneController.csproj", "{2CF41413-9039-45CF-99DE-7BC8ED915E2D}"
EndProject
Global
	GlobalSection(SolutionConfigurationPlatforms) = preSolution
		Debug|Any CPU = Debug|Any CPU
		Release|Any CPU = Release|Any CPU
	EndGlobalSection
	GlobalSection(ProjectConfigurationPlatforms) = postSolution
		{2CF41413-9039-45CF-99DE-7BC8ED915E2D}.Debug|Any CPU.ActiveCfg = Debug|Any CPU
		{2CF41413-9039-45CF-99DE-7BC8ED915E2D}.Debug|Any CPU.Build.0 = Debug|Any CPU
		{2CF41413-9039-45CF-99DE-7BC8ED915E2D}.Release|Any CPU.ActiveCfg = Release|Any CPU
		{2CF41413-9039-45CF-99DE-7BC8ED915E2D}.Release|Any CPU.Build.0 = Release|Any CPU
	EndGlobalSection
	GlobalSection(SolutionProperties) = preSolution
		HideSolutionNode = FALSE
	EndGlobalSection
	GlobalSection(ExtensibilityGlobals) = postSolution
		SolutionGuid = {AAF4DDE7-3DDB-4F1C-9A11-908ACD647546}
	EndGlobalSection
EndGlobal
